// !$*UTF8*$!
{
	archiveVersion = 1;
	classes = {
	};
	objectVersion = 51;
	objects = {

/* Begin PBXBuildFile section */
		069C421DBBE64C53D324F2B1 /* Pods_Din_Din_Demo_Din_Din_DemoUITests.framework in Frameworks */ = {isa = PBXBuildFile; fileRef = BC0F90208C9A80F31BC03870 /* Pods_Din_Din_Demo_Din_Din_DemoUITests.framework */; };
		2E1B320FD90AEE1AEFE50DC7 /* Pods_Din_Din_Demo.framework in Frameworks */ = {isa = PBXBuildFile; fileRef = 68D6FAD9165E651AC228C52D /* Pods_Din_Din_Demo.framework */; };
		46567F8E2557E03B0009B79B /* MainMenuViewController.swift in Sources */ = {isa = PBXBuildFile; fileRef = 46567F8D2557E03B0009B79B /* MainMenuViewController.swift */; };
		46567F962557E06F0009B79B /* MainMenuViewModel.swift in Sources */ = {isa = PBXBuildFile; fileRef = 46567F952557E06F0009B79B /* MainMenuViewModel.swift */; };
		46567FC52557E9090009B79B /* MenuSectionModel.swift in Sources */ = {isa = PBXBuildFile; fileRef = 46567FC42557E9090009B79B /* MenuSectionModel.swift */; };
		46567FCE2557E9EA0009B79B /* DiscountCollectionViewCell.swift in Sources */ = {isa = PBXBuildFile; fileRef = 46567FCC2557E9EA0009B79B /* DiscountCollectionViewCell.swift */; };
		46567FCF2557E9EA0009B79B /* DiscountCollectionViewCell.xib in Resources */ = {isa = PBXBuildFile; fileRef = 46567FCD2557E9EA0009B79B /* DiscountCollectionViewCell.xib */; };
		46567FD9255814F80009B79B /* MenuCardViewController.swift in Sources */ = {isa = PBXBuildFile; fileRef = 46567FD7255814F80009B79B /* MenuCardViewController.swift */; };
		46567FDA255814F80009B79B /* MenuCardViewController.xib in Resources */ = {isa = PBXBuildFile; fileRef = 46567FD8255814F80009B79B /* MenuCardViewController.xib */; };
		46567FF8255866CB0009B79B /* Constants.swift in Sources */ = {isa = PBXBuildFile; fileRef = 46567FF7255866CB0009B79B /* Constants.swift */; };
		46568029255876A60009B79B /* NetworkingViewModel.swift in Sources */ = {isa = PBXBuildFile; fileRef = 46568028255876A60009B79B /* NetworkingViewModel.swift */; };
		4656803225587C9F0009B79B /* MovieService.swift in Sources */ = {isa = PBXBuildFile; fileRef = 4656803125587C9F0009B79B /* MovieService.swift */; };
		4656803A25587D150009B79B /* MovieTarget.swift in Sources */ = {isa = PBXBuildFile; fileRef = 4656803925587D150009B79B /* MovieTarget.swift */; };
		4656804225587D730009B79B /* Movie.swift in Sources */ = {isa = PBXBuildFile; fileRef = 4656804025587D730009B79B /* Movie.swift */; };
		4656804325587D730009B79B /* MovieResult.swift in Sources */ = {isa = PBXBuildFile; fileRef = 4656804125587D730009B79B /* MovieResult.swift */; };
		4692E58B255E576400905585 /* UIView+Extensions.swift in Sources */ = {isa = PBXBuildFile; fileRef = 4692E58A255E576400905585 /* UIView+Extensions.swift */; };
		4692E590255F09EE00905585 /* UIViewController+Extensions.swift in Sources */ = {isa = PBXBuildFile; fileRef = 4692E58F255F09EE00905585 /* UIViewController+Extensions.swift */; };
		46A6D59E2557125600EDD6FC /* AppDelegate.swift in Sources */ = {isa = PBXBuildFile; fileRef = 46A6D59D2557125600EDD6FC /* AppDelegate.swift */; };
		46A6D5A52557125600EDD6FC /* Main.storyboard in Resources */ = {isa = PBXBuildFile; fileRef = 46A6D5A32557125600EDD6FC /* Main.storyboard */; };
		46A6D5A72557125800EDD6FC /* Assets.xcassets in Resources */ = {isa = PBXBuildFile; fileRef = 46A6D5A62557125800EDD6FC /* Assets.xcassets */; };
		46A6D5AA2557125800EDD6FC /* LaunchScreen.storyboard in Resources */ = {isa = PBXBuildFile; fileRef = 46A6D5A82557125800EDD6FC /* LaunchScreen.storyboard */; };
		46A6D5B52557125800EDD6FC /* Din_Din_DemoTests.swift in Sources */ = {isa = PBXBuildFile; fileRef = 46A6D5B42557125800EDD6FC /* Din_Din_DemoTests.swift */; };
		46A6D5C02557125800EDD6FC /* Din_Din_DemoUITests.swift in Sources */ = {isa = PBXBuildFile; fileRef = 46A6D5BF2557125800EDD6FC /* Din_Din_DemoUITests.swift */; };
		46CD8EAB2558AAE100671408 /* MenuNetworkingViewController.swift in Sources */ = {isa = PBXBuildFile; fileRef = 46CD8EAA2558AAE100671408 /* MenuNetworkingViewController.swift */; };
		46CD8EB02558B08900671408 /* AlertPresenter.swift in Sources */ = {isa = PBXBuildFile; fileRef = 46CD8EAF2558B08900671408 /* AlertPresenter.swift */; };
		46CD8EB52558B09A00671408 /* Router.swift in Sources */ = {isa = PBXBuildFile; fileRef = 46CD8EB42558B09A00671408 /* Router.swift */; };
		46CFD0E4255D37C600136558 /* MainMenuCoordinator.swift in Sources */ = {isa = PBXBuildFile; fileRef = 46CFD0E3255D37C600136558 /* MainMenuCoordinator.swift */; };
		46CFD116255D389400136558 /* ProviderFactory.swift in Sources */ = {isa = PBXBuildFile; fileRef = 46CFD115255D389400136558 /* ProviderFactory.swift */; };
		46CFD125255D901B00136558 /* MenuCardViewModel.swift in Sources */ = {isa = PBXBuildFile; fileRef = 46CFD124255D901B00136558 /* MenuCardViewModel.swift */; };
		46DD37462560BF6100CC9FB8 /* MovieDetailViewController.swift in Sources */ = {isa = PBXBuildFile; fileRef = 46DD37452560BF6100CC9FB8 /* MovieDetailViewController.swift */; };
		46DD374B2560BF7D00CC9FB8 /* MovieDetailViewModel.swift in Sources */ = {isa = PBXBuildFile; fileRef = 46DD374A2560BF7D00CC9FB8 /* MovieDetailViewModel.swift */; };
		C0EE8B62B7828CE35879A251 /* Pods_Din_Din_DemoTests.framework in Frameworks */ = {isa = PBXBuildFile; fileRef = C0D10851CE98C08A2A2D4654 /* Pods_Din_Din_DemoTests.framework */; };
/* End PBXBuildFile section */

/* Begin PBXContainerItemProxy section */
		46A6D5B12557125800EDD6FC /* PBXContainerItemProxy */ = {
			isa = PBXContainerItemProxy;
			containerPortal = 46A6D5922557125600EDD6FC /* Project object */;
			proxyType = 1;
			remoteGlobalIDString = 46A6D5992557125600EDD6FC;
			remoteInfo = "Din Din Demo";
		};
		46A6D5BC2557125800EDD6FC /* PBXContainerItemProxy */ = {
			isa = PBXContainerItemProxy;
			containerPortal = 46A6D5922557125600EDD6FC /* Project object */;
			proxyType = 1;
			remoteGlobalIDString = 46A6D5992557125600EDD6FC;
			remoteInfo = "Din Din Demo";
		};
/* End PBXContainerItemProxy section */

/* Begin PBXFileReference section */
		46567F8D2557E03B0009B79B /* MainMenuViewController.swift */ = {isa = PBXFileReference; lastKnownFileType = sourcecode.swift; path = MainMenuViewController.swift; sourceTree = "<group>"; };
		46567F952557E06F0009B79B /* MainMenuViewModel.swift */ = {isa = PBXFileReference; lastKnownFileType = sourcecode.swift; path = MainMenuViewModel.swift; sourceTree = "<group>"; };
		46567FC42557E9090009B79B /* MenuSectionModel.swift */ = {isa = PBXFileReference; lastKnownFileType = sourcecode.swift; path = MenuSectionModel.swift; sourceTree = "<group>"; };
		46567FCC2557E9EA0009B79B /* DiscountCollectionViewCell.swift */ = {isa = PBXFileReference; lastKnownFileType = sourcecode.swift; path = DiscountCollectionViewCell.swift; sourceTree = "<group>"; };
		46567FCD2557E9EA0009B79B /* DiscountCollectionViewCell.xib */ = {isa = PBXFileReference; lastKnownFileType = file.xib; path = DiscountCollectionViewCell.xib; sourceTree = "<group>"; };
		46567FD7255814F80009B79B /* MenuCardViewController.swift */ = {isa = PBXFileReference; lastKnownFileType = sourcecode.swift; path = MenuCardViewController.swift; sourceTree = "<group>"; };
		46567FD8255814F80009B79B /* MenuCardViewController.xib */ = {isa = PBXFileReference; lastKnownFileType = file.xib; path = MenuCardViewController.xib; sourceTree = "<group>"; };
		46567FF7255866CB0009B79B /* Constants.swift */ = {isa = PBXFileReference; lastKnownFileType = sourcecode.swift; path = Constants.swift; sourceTree = "<group>"; };
		46568028255876A60009B79B /* NetworkingViewModel.swift */ = {isa = PBXFileReference; lastKnownFileType = sourcecode.swift; path = NetworkingViewModel.swift; sourceTree = "<group>"; };
		4656803125587C9F0009B79B /* MovieService.swift */ = {isa = PBXFileReference; lastKnownFileType = sourcecode.swift; path = MovieService.swift; sourceTree = "<group>"; };
		4656803925587D150009B79B /* MovieTarget.swift */ = {isa = PBXFileReference; lastKnownFileType = sourcecode.swift; path = MovieTarget.swift; sourceTree = "<group>"; };
		4656804025587D730009B79B /* Movie.swift */ = {isa = PBXFileReference; fileEncoding = 4; lastKnownFileType = sourcecode.swift; path = Movie.swift; sourceTree = "<group>"; };
		4656804125587D730009B79B /* MovieResult.swift */ = {isa = PBXFileReference; fileEncoding = 4; lastKnownFileType = sourcecode.swift; path = MovieResult.swift; sourceTree = "<group>"; };
		4692E58A255E576400905585 /* UIView+Extensions.swift */ = {isa = PBXFileReference; lastKnownFileType = sourcecode.swift; path = "UIView+Extensions.swift"; sourceTree = "<group>"; };
		4692E58F255F09EE00905585 /* UIViewController+Extensions.swift */ = {isa = PBXFileReference; lastKnownFileType = sourcecode.swift; path = "UIViewController+Extensions.swift"; sourceTree = "<group>"; };
		46A6D59A2557125600EDD6FC /* Din Din Demo.app */ = {isa = PBXFileReference; explicitFileType = wrapper.application; includeInIndex = 0; path = "Din Din Demo.app"; sourceTree = BUILT_PRODUCTS_DIR; };
		46A6D59D2557125600EDD6FC /* AppDelegate.swift */ = {isa = PBXFileReference; lastKnownFileType = sourcecode.swift; path = AppDelegate.swift; sourceTree = "<group>"; };
		46A6D5A42557125600EDD6FC /* Base */ = {isa = PBXFileReference; lastKnownFileType = file.storyboard; name = Base; path = Base.lproj/Main.storyboard; sourceTree = "<group>"; };
		46A6D5A62557125800EDD6FC /* Assets.xcassets */ = {isa = PBXFileReference; lastKnownFileType = folder.assetcatalog; path = Assets.xcassets; sourceTree = "<group>"; };
		46A6D5A92557125800EDD6FC /* Base */ = {isa = PBXFileReference; lastKnownFileType = file.storyboard; name = Base; path = Base.lproj/LaunchScreen.storyboard; sourceTree = "<group>"; };
		46A6D5AB2557125800EDD6FC /* Info.plist */ = {isa = PBXFileReference; lastKnownFileType = text.plist.xml; path = Info.plist; sourceTree = "<group>"; };
		46A6D5B02557125800EDD6FC /* Din Din DemoTests.xctest */ = {isa = PBXFileReference; explicitFileType = wrapper.cfbundle; includeInIndex = 0; path = "Din Din DemoTests.xctest"; sourceTree = BUILT_PRODUCTS_DIR; };
		46A6D5B42557125800EDD6FC /* Din_Din_DemoTests.swift */ = {isa = PBXFileReference; lastKnownFileType = sourcecode.swift; path = Din_Din_DemoTests.swift; sourceTree = "<group>"; };
		46A6D5B62557125800EDD6FC /* Info.plist */ = {isa = PBXFileReference; lastKnownFileType = text.plist.xml; path = Info.plist; sourceTree = "<group>"; };
		46A6D5BB2557125800EDD6FC /* Din Din DemoUITests.xctest */ = {isa = PBXFileReference; explicitFileType = wrapper.cfbundle; includeInIndex = 0; path = "Din Din DemoUITests.xctest"; sourceTree = BUILT_PRODUCTS_DIR; };
		46A6D5BF2557125800EDD6FC /* Din_Din_DemoUITests.swift */ = {isa = PBXFileReference; lastKnownFileType = sourcecode.swift; path = Din_Din_DemoUITests.swift; sourceTree = "<group>"; };
		46A6D5C12557125800EDD6FC /* Info.plist */ = {isa = PBXFileReference; lastKnownFileType = text.plist.xml; path = Info.plist; sourceTree = "<group>"; };
		46CD8EAA2558AAE100671408 /* MenuNetworkingViewController.swift */ = {isa = PBXFileReference; lastKnownFileType = sourcecode.swift; path = MenuNetworkingViewController.swift; sourceTree = "<group>"; };
		46CD8EAF2558B08900671408 /* AlertPresenter.swift */ = {isa = PBXFileReference; lastKnownFileType = sourcecode.swift; path = AlertPresenter.swift; sourceTree = "<group>"; };
		46CD8EB42558B09A00671408 /* Router.swift */ = {isa = PBXFileReference; lastKnownFileType = sourcecode.swift; path = Router.swift; sourceTree = "<group>"; };
		46CFD0E3255D37C600136558 /* MainMenuCoordinator.swift */ = {isa = PBXFileReference; lastKnownFileType = sourcecode.swift; path = MainMenuCoordinator.swift; sourceTree = "<group>"; };
		46CFD115255D389400136558 /* ProviderFactory.swift */ = {isa = PBXFileReference; lastKnownFileType = sourcecode.swift; path = ProviderFactory.swift; sourceTree = "<group>"; };
		46CFD124255D901B00136558 /* MenuCardViewModel.swift */ = {isa = PBXFileReference; lastKnownFileType = sourcecode.swift; path = MenuCardViewModel.swift; sourceTree = "<group>"; };
		46DD37452560BF6100CC9FB8 /* MovieDetailViewController.swift */ = {isa = PBXFileReference; lastKnownFileType = sourcecode.swift; path = MovieDetailViewController.swift; sourceTree = "<group>"; };
		46DD374A2560BF7D00CC9FB8 /* MovieDetailViewModel.swift */ = {isa = PBXFileReference; lastKnownFileType = sourcecode.swift; path = MovieDetailViewModel.swift; sourceTree = "<group>"; };
		4B43B402688B19481624C7F0 /* Pods-Din Din Demo-Din Din DemoUITests.debug.xcconfig */ = {isa = PBXFileReference; includeInIndex = 1; lastKnownFileType = text.xcconfig; name = "Pods-Din Din Demo-Din Din DemoUITests.debug.xcconfig"; path = "Target Support Files/Pods-Din Din Demo-Din Din DemoUITests/Pods-Din Din Demo-Din Din DemoUITests.debug.xcconfig"; sourceTree = "<group>"; };
		68D6FAD9165E651AC228C52D /* Pods_Din_Din_Demo.framework */ = {isa = PBXFileReference; explicitFileType = wrapper.framework; includeInIndex = 0; path = Pods_Din_Din_Demo.framework; sourceTree = BUILT_PRODUCTS_DIR; };
		804B3DF8C4061E0208DA0CD5 /* Pods-Din Din Demo.release.xcconfig */ = {isa = PBXFileReference; includeInIndex = 1; lastKnownFileType = text.xcconfig; name = "Pods-Din Din Demo.release.xcconfig"; path = "Target Support Files/Pods-Din Din Demo/Pods-Din Din Demo.release.xcconfig"; sourceTree = "<group>"; };
		80B81944251A59BA0223F031 /* Pods-Din Din Demo-Din Din DemoUITests.release.xcconfig */ = {isa = PBXFileReference; includeInIndex = 1; lastKnownFileType = text.xcconfig; name = "Pods-Din Din Demo-Din Din DemoUITests.release.xcconfig"; path = "Target Support Files/Pods-Din Din Demo-Din Din DemoUITests/Pods-Din Din Demo-Din Din DemoUITests.release.xcconfig"; sourceTree = "<group>"; };
		9DB056816BBE47F0741E1838 /* Pods-Din Din Demo.debug.xcconfig */ = {isa = PBXFileReference; includeInIndex = 1; lastKnownFileType = text.xcconfig; name = "Pods-Din Din Demo.debug.xcconfig"; path = "Target Support Files/Pods-Din Din Demo/Pods-Din Din Demo.debug.xcconfig"; sourceTree = "<group>"; };
		BC0F90208C9A80F31BC03870 /* Pods_Din_Din_Demo_Din_Din_DemoUITests.framework */ = {isa = PBXFileReference; explicitFileType = wrapper.framework; includeInIndex = 0; path = Pods_Din_Din_Demo_Din_Din_DemoUITests.framework; sourceTree = BUILT_PRODUCTS_DIR; };
		C0D10851CE98C08A2A2D4654 /* Pods_Din_Din_DemoTests.framework */ = {isa = PBXFileReference; explicitFileType = wrapper.framework; includeInIndex = 0; path = Pods_Din_Din_DemoTests.framework; sourceTree = BUILT_PRODUCTS_DIR; };
		C3294AD3B6634AA51B61DDBE /* Pods-Din Din DemoTests.debug.xcconfig */ = {isa = PBXFileReference; includeInIndex = 1; lastKnownFileType = text.xcconfig; name = "Pods-Din Din DemoTests.debug.xcconfig"; path = "Target Support Files/Pods-Din Din DemoTests/Pods-Din Din DemoTests.debug.xcconfig"; sourceTree = "<group>"; };
		CE0FD5A164357B914D825FBA /* Pods-Din Din DemoTests.release.xcconfig */ = {isa = PBXFileReference; includeInIndex = 1; lastKnownFileType = text.xcconfig; name = "Pods-Din Din DemoTests.release.xcconfig"; path = "Target Support Files/Pods-Din Din DemoTests/Pods-Din Din DemoTests.release.xcconfig"; sourceTree = "<group>"; };
/* End PBXFileReference section */

/* Begin PBXFrameworksBuildPhase section */
		46A6D5972557125600EDD6FC /* Frameworks */ = {
			isa = PBXFrameworksBuildPhase;
			buildActionMask = 2147483647;
			files = (
				2E1B320FD90AEE1AEFE50DC7 /* Pods_Din_Din_Demo.framework in Frameworks */,
			);
			runOnlyForDeploymentPostprocessing = 0;
		};
		46A6D5AD2557125800EDD6FC /* Frameworks */ = {
			isa = PBXFrameworksBuildPhase;
			buildActionMask = 2147483647;
			files = (
				C0EE8B62B7828CE35879A251 /* Pods_Din_Din_DemoTests.framework in Frameworks */,
			);
			runOnlyForDeploymentPostprocessing = 0;
		};
		46A6D5B82557125800EDD6FC /* Frameworks */ = {
			isa = PBXFrameworksBuildPhase;
			buildActionMask = 2147483647;
			files = (
				069C421DBBE64C53D324F2B1 /* Pods_Din_Din_Demo_Din_Din_DemoUITests.framework in Frameworks */,
			);
			runOnlyForDeploymentPostprocessing = 0;
		};
/* End PBXFrameworksBuildPhase section */

/* Begin PBXGroup section */
		46567F8C2557E0130009B79B /* Main Menu */ = {
			isa = PBXGroup;
			children = (
				46DD37442560BE6900CC9FB8 /* Movie Detail */,
				46CFD11B255D42A500136558 /* Menu */,
				46CFD0E2255D377000136558 /* Coordinator */,
				4656803E25587D500009B79B /* Models */,
				4656803025587C770009B79B /* Service Wrapper */,
				46567FD3255803670009B79B /* Menu Card */,
				46567FC32557E8F70009B79B /* Discount */,
			);
			path = "Main Menu";
			sourceTree = "<group>";
		};
		46567FC32557E8F70009B79B /* Discount */ = {
			isa = PBXGroup;
			children = (
				46567FC42557E9090009B79B /* MenuSectionModel.swift */,
				46567FCC2557E9EA0009B79B /* DiscountCollectionViewCell.swift */,
				46567FCD2557E9EA0009B79B /* DiscountCollectionViewCell.xib */,
			);
			path = Discount;
			sourceTree = "<group>";
		};
		46567FD3255803670009B79B /* Menu Card */ = {
			isa = PBXGroup;
			children = (
				46567FD7255814F80009B79B /* MenuCardViewController.swift */,
				46CFD124255D901B00136558 /* MenuCardViewModel.swift */,
				46567FD8255814F80009B79B /* MenuCardViewController.xib */,
			);
			path = "Menu Card";
			sourceTree = "<group>";
		};
		46567FF6255866A10009B79B /* Helper */ = {
			isa = PBXGroup;
			children = (
				46567FF7255866CB0009B79B /* Constants.swift */,
				46568028255876A60009B79B /* NetworkingViewModel.swift */,
				46CD8EAA2558AAE100671408 /* MenuNetworkingViewController.swift */,
				46CD8EAF2558B08900671408 /* AlertPresenter.swift */,
				46CD8EB42558B09A00671408 /* Router.swift */,
				46CFD115255D389400136558 /* ProviderFactory.swift */,
				4692E58A255E576400905585 /* UIView+Extensions.swift */,
				4692E58F255F09EE00905585 /* UIViewController+Extensions.swift */,
			);
			path = Helper;
			sourceTree = "<group>";
		};
		4656803025587C770009B79B /* Service Wrapper */ = {
			isa = PBXGroup;
			children = (
				4656803125587C9F0009B79B /* MovieService.swift */,
				4656803925587D150009B79B /* MovieTarget.swift */,
			);
			path = "Service Wrapper";
			sourceTree = "<group>";
		};
		4656803E25587D500009B79B /* Models */ = {
			isa = PBXGroup;
			children = (
				4656803F25587D730009B79B /* Movie */,
			);
			path = Models;
			sourceTree = "<group>";
		};
		4656803F25587D730009B79B /* Movie */ = {
			isa = PBXGroup;
			children = (
				4656804025587D730009B79B /* Movie.swift */,
				4656804125587D730009B79B /* MovieResult.swift */,
			);
			path = Movie;
			sourceTree = "<group>";
		};
		46A6D5912557125600EDD6FC = {
			isa = PBXGroup;
			children = (
				46A6D59C2557125600EDD6FC /* Din Din Demo */,
				46A6D5B32557125800EDD6FC /* Din Din DemoTests */,
				46A6D5BE2557125800EDD6FC /* Din Din DemoUITests */,
				46A6D59B2557125600EDD6FC /* Products */,
				48FBCF68B4044CCF4868E23B /* Pods */,
				D6CCE98B6909514CABD25081 /* Frameworks */,
			);
			sourceTree = "<group>";
		};
		46A6D59B2557125600EDD6FC /* Products */ = {
			isa = PBXGroup;
			children = (
				46A6D59A2557125600EDD6FC /* Din Din Demo.app */,
				46A6D5B02557125800EDD6FC /* Din Din DemoTests.xctest */,
				46A6D5BB2557125800EDD6FC /* Din Din DemoUITests.xctest */,
			);
			name = Products;
			sourceTree = "<group>";
		};
		46A6D59C2557125600EDD6FC /* Din Din Demo */ = {
			isa = PBXGroup;
			children = (
				46567FF6255866A10009B79B /* Helper */,
				46567F8C2557E0130009B79B /* Main Menu */,
				46A6D59D2557125600EDD6FC /* AppDelegate.swift */,
				46A6D5A32557125600EDD6FC /* Main.storyboard */,
				46A6D5A62557125800EDD6FC /* Assets.xcassets */,
				46A6D5A82557125800EDD6FC /* LaunchScreen.storyboard */,
				46A6D5AB2557125800EDD6FC /* Info.plist */,
			);
			path = "Din Din Demo";
			sourceTree = "<group>";
		};
		46A6D5B32557125800EDD6FC /* Din Din DemoTests */ = {
			isa = PBXGroup;
			children = (
				46A6D5B42557125800EDD6FC /* Din_Din_DemoTests.swift */,
				46A6D5B62557125800EDD6FC /* Info.plist */,
			);
			path = "Din Din DemoTests";
			sourceTree = "<group>";
		};
		46A6D5BE2557125800EDD6FC /* Din Din DemoUITests */ = {
			isa = PBXGroup;
			children = (
				46A6D5BF2557125800EDD6FC /* Din_Din_DemoUITests.swift */,
				46A6D5C12557125800EDD6FC /* Info.plist */,
			);
			path = "Din Din DemoUITests";
			sourceTree = "<group>";
		};
		46CFD0E2255D377000136558 /* Coordinator */ = {
			isa = PBXGroup;
			children = (
				46CFD0E3255D37C600136558 /* MainMenuCoordinator.swift */,
			);
			path = Coordinator;
			sourceTree = "<group>";
		};
		46CFD11B255D42A500136558 /* Menu */ = {
			isa = PBXGroup;
			children = (
				46567F8D2557E03B0009B79B /* MainMenuViewController.swift */,
				46567F952557E06F0009B79B /* MainMenuViewModel.swift */,
			);
			path = Menu;
			sourceTree = "<group>";
		};
		46DD37442560BE6900CC9FB8 /* Movie Detail */ = {
			isa = PBXGroup;
			children = (
				46DD37452560BF6100CC9FB8 /* MovieDetailViewController.swift */,
				46DD374A2560BF7D00CC9FB8 /* MovieDetailViewModel.swift */,
			);
			path = "Movie Detail";
			sourceTree = "<group>";
		};
		48FBCF68B4044CCF4868E23B /* Pods */ = {
			isa = PBXGroup;
			children = (
				9DB056816BBE47F0741E1838 /* Pods-Din Din Demo.debug.xcconfig */,
				804B3DF8C4061E0208DA0CD5 /* Pods-Din Din Demo.release.xcconfig */,
				4B43B402688B19481624C7F0 /* Pods-Din Din Demo-Din Din DemoUITests.debug.xcconfig */,
				80B81944251A59BA0223F031 /* Pods-Din Din Demo-Din Din DemoUITests.release.xcconfig */,
				C3294AD3B6634AA51B61DDBE /* Pods-Din Din DemoTests.debug.xcconfig */,
				CE0FD5A164357B914D825FBA /* Pods-Din Din DemoTests.release.xcconfig */,
			);
			path = Pods;
			sourceTree = "<group>";
		};
		D6CCE98B6909514CABD25081 /* Frameworks */ = {
			isa = PBXGroup;
			children = (
				68D6FAD9165E651AC228C52D /* Pods_Din_Din_Demo.framework */,
				BC0F90208C9A80F31BC03870 /* Pods_Din_Din_Demo_Din_Din_DemoUITests.framework */,
				C0D10851CE98C08A2A2D4654 /* Pods_Din_Din_DemoTests.framework */,
			);
			name = Frameworks;
			sourceTree = "<group>";
		};
/* End PBXGroup section */

/* Begin PBXNativeTarget section */
		46A6D5992557125600EDD6FC /* Din Din Demo */ = {
			isa = PBXNativeTarget;
			buildConfigurationList = 46A6D5C42557125800EDD6FC /* Build configuration list for PBXNativeTarget "Din Din Demo" */;
			buildPhases = (
				73C1EEA39681E0945655C6A4 /* [CP] Check Pods Manifest.lock */,
				46A6D5962557125600EDD6FC /* Sources */,
				46A6D5972557125600EDD6FC /* Frameworks */,
				46A6D5982557125600EDD6FC /* Resources */,
				99A228F29F1821F91B75052E /* [CP] Embed Pods Frameworks */,
			);
			buildRules = (
			);
			dependencies = (
			);
			name = "Din Din Demo";
			productName = "Din Din Demo";
			productReference = 46A6D59A2557125600EDD6FC /* Din Din Demo.app */;
			productType = "com.apple.product-type.application";
		};
		46A6D5AF2557125800EDD6FC /* Din Din DemoTests */ = {
			isa = PBXNativeTarget;
			buildConfigurationList = 46A6D5C72557125800EDD6FC /* Build configuration list for PBXNativeTarget "Din Din DemoTests" */;
			buildPhases = (
				F882B25EE441A8D3497E3266 /* [CP] Check Pods Manifest.lock */,
				46A6D5AC2557125800EDD6FC /* Sources */,
				46A6D5AD2557125800EDD6FC /* Frameworks */,
				46A6D5AE2557125800EDD6FC /* Resources */,
			);
			buildRules = (
			);
			dependencies = (
				46A6D5B22557125800EDD6FC /* PBXTargetDependency */,
			);
			name = "Din Din DemoTests";
			productName = "Din Din DemoTests";
			productReference = 46A6D5B02557125800EDD6FC /* Din Din DemoTests.xctest */;
			productType = "com.apple.product-type.bundle.unit-test";
		};
		46A6D5BA2557125800EDD6FC /* Din Din DemoUITests */ = {
			isa = PBXNativeTarget;
			buildConfigurationList = 46A6D5CA2557125800EDD6FC /* Build configuration list for PBXNativeTarget "Din Din DemoUITests" */;
			buildPhases = (
				70BA5164F3494046715D6872 /* [CP] Check Pods Manifest.lock */,
				46A6D5B72557125800EDD6FC /* Sources */,
				46A6D5B82557125800EDD6FC /* Frameworks */,
				46A6D5B92557125800EDD6FC /* Resources */,
				109B59D974BFC163C72849A8 /* [CP] Embed Pods Frameworks */,
			);
			buildRules = (
			);
			dependencies = (
				46A6D5BD2557125800EDD6FC /* PBXTargetDependency */,
			);
			name = "Din Din DemoUITests";
			productName = "Din Din DemoUITests";
			productReference = 46A6D5BB2557125800EDD6FC /* Din Din DemoUITests.xctest */;
			productType = "com.apple.product-type.bundle.ui-testing";
		};
/* End PBXNativeTarget section */

/* Begin PBXProject section */
		46A6D5922557125600EDD6FC /* Project object */ = {
			isa = PBXProject;
			attributes = {
				LastSwiftUpdateCheck = 1210;
				LastUpgradeCheck = 1210;
				TargetAttributes = {
					46A6D5992557125600EDD6FC = {
						CreatedOnToolsVersion = 12.1;
					};
					46A6D5AF2557125800EDD6FC = {
						CreatedOnToolsVersion = 12.1;
						TestTargetID = 46A6D5992557125600EDD6FC;
					};
					46A6D5BA2557125800EDD6FC = {
						CreatedOnToolsVersion = 12.1;
						TestTargetID = 46A6D5992557125600EDD6FC;
					};
				};
			};
			buildConfigurationList = 46A6D5952557125600EDD6FC /* Build configuration list for PBXProject "Din Din Demo" */;
			compatibilityVersion = "Xcode 9.3";
			developmentRegion = en;
			hasScannedForEncodings = 0;
			knownRegions = (
				en,
				Base,
			);
			mainGroup = 46A6D5912557125600EDD6FC;
			productRefGroup = 46A6D59B2557125600EDD6FC /* Products */;
			projectDirPath = "";
			projectRoot = "";
			targets = (
				46A6D5992557125600EDD6FC /* Din Din Demo */,
				46A6D5AF2557125800EDD6FC /* Din Din DemoTests */,
				46A6D5BA2557125800EDD6FC /* Din Din DemoUITests */,
			);
		};
/* End PBXProject section */

/* Begin PBXResourcesBuildPhase section */
		46A6D5982557125600EDD6FC /* Resources */ = {
			isa = PBXResourcesBuildPhase;
			buildActionMask = 2147483647;
			files = (
				46A6D5AA2557125800EDD6FC /* LaunchScreen.storyboard in Resources */,
				46567FDA255814F80009B79B /* MenuCardViewController.xib in Resources */,
				46A6D5A72557125800EDD6FC /* Assets.xcassets in Resources */,
				46A6D5A52557125600EDD6FC /* Main.storyboard in Resources */,
				46567FCF2557E9EA0009B79B /* DiscountCollectionViewCell.xib in Resources */,
			);
			runOnlyForDeploymentPostprocessing = 0;
		};
		46A6D5AE2557125800EDD6FC /* Resources */ = {
			isa = PBXResourcesBuildPhase;
			buildActionMask = 2147483647;
			files = (
			);
			runOnlyForDeploymentPostprocessing = 0;
		};
		46A6D5B92557125800EDD6FC /* Resources */ = {
			isa = PBXResourcesBuildPhase;
			buildActionMask = 2147483647;
			files = (
			);
			runOnlyForDeploymentPostprocessing = 0;
		};
/* End PBXResourcesBuildPhase section */

/* Begin PBXShellScriptBuildPhase section */
		109B59D974BFC163C72849A8 /* [CP] Embed Pods Frameworks */ = {
			isa = PBXShellScriptBuildPhase;
			buildActionMask = 2147483647;
			files = (
			);
			inputFileListPaths = (
				"${PODS_ROOT}/Target Support Files/Pods-Din Din Demo-Din Din DemoUITests/Pods-Din Din Demo-Din Din DemoUITests-frameworks-${CONFIGURATION}-input-files.xcfilelist",
			);
			name = "[CP] Embed Pods Frameworks";
			outputFileListPaths = (
				"${PODS_ROOT}/Target Support Files/Pods-Din Din Demo-Din Din DemoUITests/Pods-Din Din Demo-Din Din DemoUITests-frameworks-${CONFIGURATION}-output-files.xcfilelist",
			);
			runOnlyForDeploymentPostprocessing = 0;
			shellPath = /bin/sh;
			shellScript = "\"${PODS_ROOT}/Target Support Files/Pods-Din Din Demo-Din Din DemoUITests/Pods-Din Din Demo-Din Din DemoUITests-frameworks.sh\"\n";
			showEnvVarsInLog = 0;
		};
		70BA5164F3494046715D6872 /* [CP] Check Pods Manifest.lock */ = {
			isa = PBXShellScriptBuildPhase;
			buildActionMask = 2147483647;
			files = (
			);
			inputFileListPaths = (
			);
			inputPaths = (
				"${PODS_PODFILE_DIR_PATH}/Podfile.lock",
				"${PODS_ROOT}/Manifest.lock",
			);
			name = "[CP] Check Pods Manifest.lock";
			outputFileListPaths = (
			);
			outputPaths = (
				"$(DERIVED_FILE_DIR)/Pods-Din Din Demo-Din Din DemoUITests-checkManifestLockResult.txt",
			);
			runOnlyForDeploymentPostprocessing = 0;
			shellPath = /bin/sh;
			shellScript = "diff \"${PODS_PODFILE_DIR_PATH}/Podfile.lock\" \"${PODS_ROOT}/Manifest.lock\" > /dev/null\nif [ $? != 0 ] ; then\n    # print error to STDERR\n    echo \"error: The sandbox is not in sync with the Podfile.lock. Run 'pod install' or update your CocoaPods installation.\" >&2\n    exit 1\nfi\n# This output is used by Xcode 'outputs' to avoid re-running this script phase.\necho \"SUCCESS\" > \"${SCRIPT_OUTPUT_FILE_0}\"\n";
			showEnvVarsInLog = 0;
		};
		73C1EEA39681E0945655C6A4 /* [CP] Check Pods Manifest.lock */ = {
			isa = PBXShellScriptBuildPhase;
			buildActionMask = 2147483647;
			files = (
			);
			inputFileListPaths = (
			);
			inputPaths = (
				"${PODS_PODFILE_DIR_PATH}/Podfile.lock",
				"${PODS_ROOT}/Manifest.lock",
			);
			name = "[CP] Check Pods Manifest.lock";
			outputFileListPaths = (
			);
			outputPaths = (
				"$(DERIVED_FILE_DIR)/Pods-Din Din Demo-checkManifestLockResult.txt",
			);
			runOnlyForDeploymentPostprocessing = 0;
			shellPath = /bin/sh;
			shellScript = "diff \"${PODS_PODFILE_DIR_PATH}/Podfile.lock\" \"${PODS_ROOT}/Manifest.lock\" > /dev/null\nif [ $? != 0 ] ; then\n    # print error to STDERR\n    echo \"error: The sandbox is not in sync with the Podfile.lock. Run 'pod install' or update your CocoaPods installation.\" >&2\n    exit 1\nfi\n# This output is used by Xcode 'outputs' to avoid re-running this script phase.\necho \"SUCCESS\" > \"${SCRIPT_OUTPUT_FILE_0}\"\n";
			showEnvVarsInLog = 0;
		};
		99A228F29F1821F91B75052E /* [CP] Embed Pods Frameworks */ = {
			isa = PBXShellScriptBuildPhase;
			buildActionMask = 2147483647;
			files = (
			);
			inputFileListPaths = (
				"${PODS_ROOT}/Target Support Files/Pods-Din Din Demo/Pods-Din Din Demo-frameworks-${CONFIGURATION}-input-files.xcfilelist",
			);
			name = "[CP] Embed Pods Frameworks";
			outputFileListPaths = (
				"${PODS_ROOT}/Target Support Files/Pods-Din Din Demo/Pods-Din Din Demo-frameworks-${CONFIGURATION}-output-files.xcfilelist",
			);
			runOnlyForDeploymentPostprocessing = 0;
			shellPath = /bin/sh;
			shellScript = "\"${PODS_ROOT}/Target Support Files/Pods-Din Din Demo/Pods-Din Din Demo-frameworks.sh\"\n";
			showEnvVarsInLog = 0;
		};
		F882B25EE441A8D3497E3266 /* [CP] Check Pods Manifest.lock */ = {
			isa = PBXShellScriptBuildPhase;
			buildActionMask = 2147483647;
			files = (
			);
			inputFileListPaths = (
			);
			inputPaths = (
				"${PODS_PODFILE_DIR_PATH}/Podfile.lock",
				"${PODS_ROOT}/Manifest.lock",
			);
			name = "[CP] Check Pods Manifest.lock";
			outputFileListPaths = (
			);
			outputPaths = (
				"$(DERIVED_FILE_DIR)/Pods-Din Din DemoTests-checkManifestLockResult.txt",
			);
			runOnlyForDeploymentPostprocessing = 0;
			shellPath = /bin/sh;
			shellScript = "diff \"${PODS_PODFILE_DIR_PATH}/Podfile.lock\" \"${PODS_ROOT}/Manifest.lock\" > /dev/null\nif [ $? != 0 ] ; then\n    # print error to STDERR\n    echo \"error: The sandbox is not in sync with the Podfile.lock. Run 'pod install' or update your CocoaPods installation.\" >&2\n    exit 1\nfi\n# This output is used by Xcode 'outputs' to avoid re-running this script phase.\necho \"SUCCESS\" > \"${SCRIPT_OUTPUT_FILE_0}\"\n";
			showEnvVarsInLog = 0;
		};
/* End PBXShellScriptBuildPhase section */

/* Begin PBXSourcesBuildPhase section */
		46A6D5962557125600EDD6FC /* Sources */ = {
			isa = PBXSourcesBuildPhase;
			buildActionMask = 2147483647;
			files = (
				46567F962557E06F0009B79B /* MainMenuViewModel.swift in Sources */,
				46CD8EB02558B08900671408 /* AlertPresenter.swift in Sources */,
				46CFD0E4255D37C600136558 /* MainMenuCoordinator.swift in Sources */,
				46567F8E2557E03B0009B79B /* MainMenuViewController.swift in Sources */,
				46DD37462560BF6100CC9FB8 /* MovieDetailViewController.swift in Sources */,
				46567FC52557E9090009B79B /* MenuSectionModel.swift in Sources */,
				46DD374B2560BF7D00CC9FB8 /* MovieDetailViewModel.swift in Sources */,
				46568029255876A60009B79B /* NetworkingViewModel.swift in Sources */,
				46CFD116255D389400136558 /* ProviderFactory.swift in Sources */,
				46CFD125255D901B00136558 /* MenuCardViewModel.swift in Sources */,
				46567FCE2557E9EA0009B79B /* DiscountCollectionViewCell.swift in Sources */,
				4692E590255F09EE00905585 /* UIViewController+Extensions.swift in Sources */,
				46567FF8255866CB0009B79B /* Constants.swift in Sources */,
				46CD8EB52558B09A00671408 /* Router.swift in Sources */,
				4656803225587C9F0009B79B /* MovieService.swift in Sources */,
				46CD8EAB2558AAE100671408 /* MenuNetworkingViewController.swift in Sources */,
				4692E58B255E576400905585 /* UIView+Extensions.swift in Sources */,
				4656804325587D730009B79B /* MovieResult.swift in Sources */,
				46A6D59E2557125600EDD6FC /* AppDelegate.swift in Sources */,
				46567FD9255814F80009B79B /* MenuCardViewController.swift in Sources */,
				4656804225587D730009B79B /* Movie.swift in Sources */,
				4656803A25587D150009B79B /* MovieTarget.swift in Sources */,
			);
			runOnlyForDeploymentPostprocessing = 0;
		};
		46A6D5AC2557125800EDD6FC /* Sources */ = {
			isa = PBXSourcesBuildPhase;
			buildActionMask = 2147483647;
			files = (
				46A6D5B52557125800EDD6FC /* Din_Din_DemoTests.swift in Sources */,
			);
			runOnlyForDeploymentPostprocessing = 0;
		};
		46A6D5B72557125800EDD6FC /* Sources */ = {
			isa = PBXSourcesBuildPhase;
			buildActionMask = 2147483647;
			files = (
				46A6D5C02557125800EDD6FC /* Din_Din_DemoUITests.swift in Sources */,
			);
			runOnlyForDeploymentPostprocessing = 0;
		};
/* End PBXSourcesBuildPhase section */

/* Begin PBXTargetDependency section */
		46A6D5B22557125800EDD6FC /* PBXTargetDependency */ = {
			isa = PBXTargetDependency;
			target = 46A6D5992557125600EDD6FC /* Din Din Demo */;
			targetProxy = 46A6D5B12557125800EDD6FC /* PBXContainerItemProxy */;
		};
		46A6D5BD2557125800EDD6FC /* PBXTargetDependency */ = {
			isa = PBXTargetDependency;
			target = 46A6D5992557125600EDD6FC /* Din Din Demo */;
			targetProxy = 46A6D5BC2557125800EDD6FC /* PBXContainerItemProxy */;
		};
/* End PBXTargetDependency section */

/* Begin PBXVariantGroup section */
		46A6D5A32557125600EDD6FC /* Main.storyboard */ = {
			isa = PBXVariantGroup;
			children = (
				46A6D5A42557125600EDD6FC /* Base */,
			);
			name = Main.storyboard;
			sourceTree = "<group>";
		};
		46A6D5A82557125800EDD6FC /* LaunchScreen.storyboard */ = {
			isa = PBXVariantGroup;
			children = (
				46A6D5A92557125800EDD6FC /* Base */,
			);
			name = LaunchScreen.storyboard;
			sourceTree = "<group>";
		};
/* End PBXVariantGroup section */

/* Begin XCBuildConfiguration section */
		46A6D5C22557125800EDD6FC /* Debug */ = {
			isa = XCBuildConfiguration;
			buildSettings = {
				ALWAYS_SEARCH_USER_PATHS = NO;
				CLANG_ANALYZER_NONNULL = YES;
				CLANG_ANALYZER_NUMBER_OBJECT_CONVERSION = YES_AGGRESSIVE;
				CLANG_CXX_LANGUAGE_STANDARD = "gnu++14";
				CLANG_CXX_LIBRARY = "libc++";
				CLANG_ENABLE_MODULES = YES;
				CLANG_ENABLE_OBJC_ARC = YES;
				CLANG_ENABLE_OBJC_WEAK = YES;
				CLANG_WARN_BLOCK_CAPTURE_AUTORELEASING = YES;
				CLANG_WARN_BOOL_CONVERSION = YES;
				CLANG_WARN_COMMA = YES;
				CLANG_WARN_CONSTANT_CONVERSION = YES;
				CLANG_WARN_DEPRECATED_OBJC_IMPLEMENTATIONS = YES;
				CLANG_WARN_DIRECT_OBJC_ISA_USAGE = YES_ERROR;
				CLANG_WARN_DOCUMENTATION_COMMENTS = YES;
				CLANG_WARN_EMPTY_BODY = YES;
				CLANG_WARN_ENUM_CONVERSION = YES;
				CLANG_WARN_INFINITE_RECURSION = YES;
				CLANG_WARN_INT_CONVERSION = YES;
				CLANG_WARN_NON_LITERAL_NULL_CONVERSION = YES;
				CLANG_WARN_OBJC_IMPLICIT_RETAIN_SELF = YES;
				CLANG_WARN_OBJC_LITERAL_CONVERSION = YES;
				CLANG_WARN_OBJC_ROOT_CLASS = YES_ERROR;
				CLANG_WARN_QUOTED_INCLUDE_IN_FRAMEWORK_HEADER = YES;
				CLANG_WARN_RANGE_LOOP_ANALYSIS = YES;
				CLANG_WARN_STRICT_PROTOTYPES = YES;
				CLANG_WARN_SUSPICIOUS_MOVE = YES;
				CLANG_WARN_UNGUARDED_AVAILABILITY = YES_AGGRESSIVE;
				CLANG_WARN_UNREACHABLE_CODE = YES;
				CLANG_WARN__DUPLICATE_METHOD_MATCH = YES;
				COPY_PHASE_STRIP = NO;
				DEBUG_INFORMATION_FORMAT = dwarf;
				ENABLE_STRICT_OBJC_MSGSEND = YES;
				ENABLE_TESTABILITY = YES;
				GCC_C_LANGUAGE_STANDARD = gnu11;
				GCC_DYNAMIC_NO_PIC = NO;
				GCC_NO_COMMON_BLOCKS = YES;
				GCC_OPTIMIZATION_LEVEL = 0;
				GCC_PREPROCESSOR_DEFINITIONS = (
					"DEBUG=1",
					"$(inherited)",
				);
				GCC_WARN_64_TO_32_BIT_CONVERSION = YES;
				GCC_WARN_ABOUT_RETURN_TYPE = YES_ERROR;
				GCC_WARN_UNDECLARED_SELECTOR = YES;
				GCC_WARN_UNINITIALIZED_AUTOS = YES_AGGRESSIVE;
				GCC_WARN_UNUSED_FUNCTION = YES;
				GCC_WARN_UNUSED_VARIABLE = YES;
				IPHONEOS_DEPLOYMENT_TARGET = 14.1;
				MTL_ENABLE_DEBUG_INFO = INCLUDE_SOURCE;
				MTL_FAST_MATH = YES;
				ONLY_ACTIVE_ARCH = YES;
				SDKROOT = iphoneos;
				SWIFT_ACTIVE_COMPILATION_CONDITIONS = DEBUG;
				SWIFT_OPTIMIZATION_LEVEL = "-Onone";
			};
			name = Debug;
		};
		46A6D5C32557125800EDD6FC /* Release */ = {
			isa = XCBuildConfiguration;
			buildSettings = {
				ALWAYS_SEARCH_USER_PATHS = NO;
				CLANG_ANALYZER_NONNULL = YES;
				CLANG_ANALYZER_NUMBER_OBJECT_CONVERSION = YES_AGGRESSIVE;
				CLANG_CXX_LANGUAGE_STANDARD = "gnu++14";
				CLANG_CXX_LIBRARY = "libc++";
				CLANG_ENABLE_MODULES = YES;
				CLANG_ENABLE_OBJC_ARC = YES;
				CLANG_ENABLE_OBJC_WEAK = YES;
				CLANG_WARN_BLOCK_CAPTURE_AUTORELEASING = YES;
				CLANG_WARN_BOOL_CONVERSION = YES;
				CLANG_WARN_COMMA = YES;
				CLANG_WARN_CONSTANT_CONVERSION = YES;
				CLANG_WARN_DEPRECATED_OBJC_IMPLEMENTATIONS = YES;
				CLANG_WARN_DIRECT_OBJC_ISA_USAGE = YES_ERROR;
				CLANG_WARN_DOCUMENTATION_COMMENTS = YES;
				CLANG_WARN_EMPTY_BODY = YES;
				CLANG_WARN_ENUM_CONVERSION = YES;
				CLANG_WARN_INFINITE_RECURSION = YES;
				CLANG_WARN_INT_CONVERSION = YES;
				CLANG_WARN_NON_LITERAL_NULL_CONVERSION = YES;
				CLANG_WARN_OBJC_IMPLICIT_RETAIN_SELF = YES;
				CLANG_WARN_OBJC_LITERAL_CONVERSION = YES;
				CLANG_WARN_OBJC_ROOT_CLASS = YES_ERROR;
				CLANG_WARN_QUOTED_INCLUDE_IN_FRAMEWORK_HEADER = YES;
				CLANG_WARN_RANGE_LOOP_ANALYSIS = YES;
				CLANG_WARN_STRICT_PROTOTYPES = YES;
				CLANG_WARN_SUSPICIOUS_MOVE = YES;
				CLANG_WARN_UNGUARDED_AVAILABILITY = YES_AGGRESSIVE;
				CLANG_WARN_UNREACHABLE_CODE = YES;
				CLANG_WARN__DUPLICATE_METHOD_MATCH = YES;
				COPY_PHASE_STRIP = NO;
				DEBUG_INFORMATION_FORMAT = "dwarf-with-dsym";
				ENABLE_NS_ASSERTIONS = NO;
				ENABLE_STRICT_OBJC_MSGSEND = YES;
				GCC_C_LANGUAGE_STANDARD = gnu11;
				GCC_NO_COMMON_BLOCKS = YES;
				GCC_WARN_64_TO_32_BIT_CONVERSION = YES;
				GCC_WARN_ABOUT_RETURN_TYPE = YES_ERROR;
				GCC_WARN_UNDECLARED_SELECTOR = YES;
				GCC_WARN_UNINITIALIZED_AUTOS = YES_AGGRESSIVE;
				GCC_WARN_UNUSED_FUNCTION = YES;
				GCC_WARN_UNUSED_VARIABLE = YES;
				IPHONEOS_DEPLOYMENT_TARGET = 14.1;
				MTL_ENABLE_DEBUG_INFO = NO;
				MTL_FAST_MATH = YES;
				SDKROOT = iphoneos;
				SWIFT_COMPILATION_MODE = wholemodule;
				SWIFT_OPTIMIZATION_LEVEL = "-O";
				VALIDATE_PRODUCT = YES;
			};
			name = Release;
		};
		46A6D5C52557125800EDD6FC /* Debug */ = {
			isa = XCBuildConfiguration;
			baseConfigurationReference = 9DB056816BBE47F0741E1838 /* Pods-Din Din Demo.debug.xcconfig */;
			buildSettings = {
				API_IMG_URL_ENDPOINT = "https://image.tmdb.org/t/p/w600_and_h900_bestv2";
				API_KEY = abd05d8d1150697600087b20710b5376;
				API_READ_ACCESS_TOKEN = "eyJ0eXAiOiJKV1QiLCJhbGciOiJIUzI1NiJ9.eyJhdWQiOiJhYmQwNWQ4ZDExNTA2OTc2MDAwODdiMjA3MTBiNTM3NiIsInN1YiI6IjVhODFiMzc5YzNhMzY4MTg5MzAzNzQ5ZSIsInNjb3BlcyI6WyJhcGlfcmVhZCJdLCJ2ZXJzaW9uIjoxfQ.ysrEd14oW-FbknVZcM4NET4-Z7bJc_vauzYS1vuJtHY";
				API_URL_ENDPOINT = "https://api.themoviedb.org/";
				ASSETCATALOG_COMPILER_APPICON_NAME = AppIcon;
				ASSETCATALOG_COMPILER_GLOBAL_ACCENT_COLOR_NAME = AccentColor;
				CODE_SIGN_STYLE = Automatic;
				DEVELOPMENT_TEAM = 949Q2D595G;
				FRAMEWORK_SEARCH_PATHS = (
					"$(inherited)",
					"$(PROJECT_DIR)/Din\\ Din\\ Demo/Helper",
					"$(PROJECT_DIR)/Din\\ Din\\ Demo/Helper",
				);
				INFOPLIST_FILE = "Din Din Demo/Info.plist";
				IPHONEOS_DEPLOYMENT_TARGET = 12.0;
				LD_RUNPATH_SEARCH_PATHS = (
					"$(inherited)",
					"@executable_path/Frameworks",
				);
				OTHER_SWIFT_FLAGS = "$(inherited) -D COCOAPODS -Xfrontend -warn-long-function-bodies=200 -Xfrontend -warn-long-expression-type-checking=200";
				PRODUCT_BUNDLE_IDENTIFIER = "com.dindin.Din-Din-Demo";
				PRODUCT_NAME = "$(TARGET_NAME)";
				SWIFT_VERSION = 5.0;
				TARGETED_DEVICE_FAMILY = "1,2";
			};
			name = Debug;
		};
		46A6D5C62557125800EDD6FC /* Release */ = {
			isa = XCBuildConfiguration;
			baseConfigurationReference = 804B3DF8C4061E0208DA0CD5 /* Pods-Din Din Demo.release.xcconfig */;
			buildSettings = {
				API_IMG_URL_ENDPOINT = "https://image.tmdb.org/t/p/w600_and_h900_bestv2";
				API_KEY = abd05d8d1150697600087b20710b5376;
				API_READ_ACCESS_TOKEN = "eyJ0eXAiOiJKV1QiLCJhbGciOiJIUzI1NiJ9.eyJhdWQiOiJhYmQwNWQ4ZDExNTA2OTc2MDAwODdiMjA3MTBiNTM3NiIsInN1YiI6IjVhODFiMzc5YzNhMzY4MTg5MzAzNzQ5ZSIsInNjb3BlcyI6WyJhcGlfcmVhZCJdLCJ2ZXJzaW9uIjoxfQ.ysrEd14oW-FbknVZcM4NET4-Z7bJc_vauzYS1vuJtHY";
				API_URL_ENDPOINT = "https://api.themoviedb.org/";
				ASSETCATALOG_COMPILER_APPICON_NAME = AppIcon;
				ASSETCATALOG_COMPILER_GLOBAL_ACCENT_COLOR_NAME = AccentColor;
				CODE_SIGN_STYLE = Automatic;
				DEVELOPMENT_TEAM = 949Q2D595G;
				FRAMEWORK_SEARCH_PATHS = (
					"$(inherited)",
					"$(PROJECT_DIR)/Din\\ Din\\ Demo/Helper",
					"$(PROJECT_DIR)/Din\\ Din\\ Demo/Helper",
				);
				INFOPLIST_FILE = "Din Din Demo/Info.plist";
				IPHONEOS_DEPLOYMENT_TARGET = 12.0;
				LD_RUNPATH_SEARCH_PATHS = (
					"$(inherited)",
					"@executable_path/Frameworks",
				);
				PRODUCT_BUNDLE_IDENTIFIER = "com.dindin.Din-Din-Demo";
				PRODUCT_NAME = "$(TARGET_NAME)";
				SWIFT_VERSION = 5.0;
				TARGETED_DEVICE_FAMILY = "1,2";
			};
			name = Release;
		};
		46A6D5C82557125800EDD6FC /* Debug */ = {
			isa = XCBuildConfiguration;
			baseConfigurationReference = C3294AD3B6634AA51B61DDBE /* Pods-Din Din DemoTests.debug.xcconfig */;
			buildSettings = {
				ALWAYS_EMBED_SWIFT_STANDARD_LIBRARIES = YES;
				BUNDLE_LOADER = "$(TEST_HOST)";
				CODE_SIGN_STYLE = Automatic;
				DEVELOPMENT_TEAM = 949Q2D595G;
				INFOPLIST_FILE = "Din Din DemoTests/Info.plist";
				IPHONEOS_DEPLOYMENT_TARGET = 14.1;
				LD_RUNPATH_SEARCH_PATHS = (
					"$(inherited)",
					"@executable_path/Frameworks",
					"@loader_path/Frameworks",
				);
				PRODUCT_BUNDLE_IDENTIFIER = "com.dindin.Din-Din-DemoTests";
				PRODUCT_NAME = "$(TARGET_NAME)";
				SWIFT_VERSION = 5.0;
				TARGETED_DEVICE_FAMILY = "1,2";
				TEST_HOST = "$(BUILT_PRODUCTS_DIR)/Din Din Demo.app/Din Din Demo";
			};
			name = Debug;
		};
		46A6D5C92557125800EDD6FC /* Release */ = {
			isa = XCBuildConfiguration;
			baseConfigurationReference = CE0FD5A164357B914D825FBA /* Pods-Din Din DemoTests.release.xcconfig */;
			buildSettings = {
				ALWAYS_EMBED_SWIFT_STANDARD_LIBRARIES = YES;
				BUNDLE_LOADER = "$(TEST_HOST)";
				CODE_SIGN_STYLE = Automatic;
				DEVELOPMENT_TEAM = 949Q2D595G;
				INFOPLIST_FILE = "Din Din DemoTests/Info.plist";
				IPHONEOS_DEPLOYMENT_TARGET = 14.1;
				LD_RUNPATH_SEARCH_PATHS = (
					"$(inherited)",
					"@executable_path/Frameworks",
					"@loader_path/Frameworks",
				);
				PRODUCT_BUNDLE_IDENTIFIER = "com.dindin.Din-Din-DemoTests";
				PRODUCT_NAME = "$(TARGET_NAME)";
				SWIFT_VERSION = 5.0;
				TARGETED_DEVICE_FAMILY = "1,2";
				TEST_HOST = "$(BUILT_PRODUCTS_DIR)/Din Din Demo.app/Din Din Demo";
			};
			name = Release;
		};
		46A6D5CB2557125800EDD6FC /* Debug */ = {
			isa = XCBuildConfiguration;
			baseConfigurationReference = 4B43B402688B19481624C7F0 /* Pods-Din Din Demo-Din Din DemoUITests.debug.xcconfig */;
			buildSettings = {
				ALWAYS_EMBED_SWIFT_STANDARD_LIBRARIES = YES;
				CODE_SIGN_STYLE = Automatic;
				DEVELOPMENT_TEAM = 949Q2D595G;
				INFOPLIST_FILE = "Din Din DemoUITests/Info.plist";
				LD_RUNPATH_SEARCH_PATHS = (
					"$(inherited)",
					"@executable_path/Frameworks",
					"@loader_path/Frameworks",
				);
				PRODUCT_BUNDLE_IDENTIFIER = "com.dindin.Din-Din-DemoUITests";
				PRODUCT_NAME = "$(TARGET_NAME)";
				SWIFT_VERSION = 5.0;
				TARGETED_DEVICE_FAMILY = "1,2";
				TEST_TARGET_NAME = "Din Din Demo";
			};
			name = Debug;
		};
		46A6D5CC2557125800EDD6FC /* Release */ = {
			isa = XCBuildConfiguration;
			baseConfigurationReference = 80B81944251A59BA0223F031 /* Pods-Din Din Demo-Din Din DemoUITests.release.xcconfig */;
			buildSettings = {
				ALWAYS_EMBED_SWIFT_STANDARD_LIBRARIES = YES;
				CODE_SIGN_STYLE = Automatic;
				DEVELOPMENT_TEAM = 949Q2D595G;
				INFOPLIST_FILE = "Din Din DemoUITests/Info.plist";
				LD_RUNPATH_SEARCH_PATHS = (
					"$(inherited)",
					"@executable_path/Frameworks",
					"@loader_path/Frameworks",
				);
				PRODUCT_BUNDLE_IDENTIFIER = "com.dindin.Din-Din-DemoUITests";
				PRODUCT_NAME = "$(TARGET_NAME)";
				SWIFT_VERSION = 5.0;
				TARGETED_DEVICE_FAMILY = "1,2";
				TEST_TARGET_NAME = "Din Din Demo";
			};
			name = Release;
		};
/* End XCBuildConfiguration section */

/* Begin XCConfigurationList section */
		46A6D5952557125600EDD6FC /* Build configuration list for PBXProject "Din Din Demo" */ = {
			isa = XCConfigurationList;
			buildConfigurations = (
				46A6D5C22557125800EDD6FC /* Debug */,
				46A6D5C32557125800EDD6FC /* Release */,
			);
			defaultConfigurationIsVisible = 0;
			defaultConfigurationName = Release;
		};
		46A6D5C42557125800EDD6FC /* Build configuration list for PBXNativeTarget "Din Din Demo" */ = {
			isa = XCConfigurationList;
			buildConfigurations = (
				46A6D5C52557125800EDD6FC /* Debug */,
				46A6D5C62557125800EDD6FC /* Release */,
			);
			defaultConfigurationIsVisible = 0;
			defaultConfigurationName = Release;
		};
		46A6D5C72557125800EDD6FC /* Build configuration list for PBXNativeTarget "Din Din DemoTests" */ = {
			isa = XCConfigurationList;
			buildConfigurations = (
				46A6D5C82557125800EDD6FC /* Debug */,
				46A6D5C92557125800EDD6FC /* Release */,
			);
			defaultConfigurationIsVisible = 0;
			defaultConfigurationName = Release;
		};
		46A6D5CA2557125800EDD6FC /* Build configuration list for PBXNativeTarget "Din Din DemoUITests" */ = {
			isa = XCConfigurationList;
			buildConfigurations = (
				46A6D5CB2557125800EDD6FC /* Debug */,
				46A6D5CC2557125800EDD6FC /* Release */,
			);
			defaultConfigurationIsVisible = 0;
			defaultConfigurationName = Release;
		};
/* End XCConfigurationList section */
	};
	rootObject = 46A6D5922557125600EDD6FC /* Project object */;
}
